// !$*UTF8*$!
{
	archiveVersion = 1;
	classes = {
	};
	objectVersion = 77;
	objects = {

/* Begin PBXContainerItemProxy section */
		6A5BCF082CD38F4300857606 /* PBXContainerItemProxy */ = {
			isa = PBXContainerItemProxy;
			containerPortal = 6A5BCEE92CD38F4200857606 /* Project object */;
			proxyType = 1;
			remoteGlobalIDString = 6A5BCEF02CD38F4200857606;
			remoteInfo = AutocompleteTextfield;
		};
		6A5BCF122CD38F4300857606 /* PBXContainerItemProxy */ = {
			isa = PBXContainerItemProxy;
			containerPortal = 6A5BCEE92CD38F4200857606 /* Project object */;
			proxyType = 1;
			remoteGlobalIDString = 6A5BCEF02CD38F4200857606;
			remoteInfo = AutocompleteTextfield;
		};
/* End PBXContainerItemProxy section */

/* Begin PBXFileReference section */
		6A5BCEF12CD38F4200857606 /* AutocompleteTextfield.app */ = {isa = PBXFileReference; explicitFileType = wrapper.application; includeInIndex = 0; path = AutocompleteTextfield.app; sourceTree = BUILT_PRODUCTS_DIR; };
		6A5BCF072CD38F4300857606 /* AutocompleteTextfieldTests.xctest */ = {isa = PBXFileReference; explicitFileType = wrapper.cfbundle; includeInIndex = 0; path = AutocompleteTextfieldTests.xctest; sourceTree = BUILT_PRODUCTS_DIR; };
		6A5BCF112CD38F4300857606 /* AutocompleteTextfieldUITests.xctest */ = {isa = PBXFileReference; explicitFileType = wrapper.cfbundle; includeInIndex = 0; path = AutocompleteTextfieldUITests.xctest; sourceTree = BUILT_PRODUCTS_DIR; };
/* End PBXFileReference section */

/* Begin PBXFileSystemSynchronizedBuildFileExceptionSet section */
		6A5BCF192CD38F4300857606 /* Exceptions for "AutocompleteTextfield" folder in "AutocompleteTextfield" target */ = {
			isa = PBXFileSystemSynchronizedBuildFileExceptionSet;
			membershipExceptions = (
				Info.plist,
			);
			target = 6A5BCEF02CD38F4200857606 /* AutocompleteTextfield */;
		};
/* End PBXFileSystemSynchronizedBuildFileExceptionSet section */

/* Begin PBXFileSystemSynchronizedRootGroup section */
		6A5BCEF32CD38F4200857606 /* AutocompleteTextfield */ = {
			isa = PBXFileSystemSynchronizedRootGroup;
			exceptions = (
				6A5BCF192CD38F4300857606 /* Exceptions for "AutocompleteTextfield" folder in "AutocompleteTextfield" target */,
			);
			path = AutocompleteTextfield;
			sourceTree = "<group>";
		};
		6A5BCF0A2CD38F4300857606 /* AutocompleteTextfieldTests */ = {
			isa = PBXFileSystemSynchronizedRootGroup;
			path = AutocompleteTextfieldTests;
			sourceTree = "<group>";
		};
		6A5BCF142CD38F4300857606 /* AutocompleteTextfieldUITests */ = {
			isa = PBXFileSystemSynchronizedRootGroup;
			path = AutocompleteTextfieldUITests;
			sourceTree = "<group>";
		};
/* End PBXFileSystemSynchronizedRootGroup section */

/* Begin PBXFrameworksBuildPhase section */
		6A5BCEEE2CD38F4200857606 /* Frameworks */ = {
			isa = PBXFrameworksBuildPhase;
			buildActionMask = 2147483647;
			files = (
			);
			runOnlyForDeploymentPostprocessing = 0;
		};
		6A5BCF042CD38F4300857606 /* Frameworks */ = {
			isa = PBXFrameworksBuildPhase;
			buildActionMask = 2147483647;
			files = (
			);
			runOnlyForDeploymentPostprocessing = 0;
		};
		6A5BCF0E2CD38F4300857606 /* Frameworks */ = {
			isa = PBXFrameworksBuildPhase;
			buildActionMask = 2147483647;
			files = (
			);
			runOnlyForDeploymentPostprocessing = 0;
		};
/* End PBXFrameworksBuildPhase section */

/* Begin PBXGroup section */
		6A5BCEE82CD38F4200857606 = {
			isa = PBXGroup;
			children = (
				6A5BCEF32CD38F4200857606 /* AutocompleteTextfield */,
				6A5BCF0A2CD38F4300857606 /* AutocompleteTextfieldTests */,
				6A5BCF142CD38F4300857606 /* AutocompleteTextfieldUITests */,
				6A5BCEF22CD38F4200857606 /* Products */,
			);
			sourceTree = "<group>";
		};
		6A5BCEF22CD38F4200857606 /* Products */ = {
			isa = PBXGroup;
			children = (
				6A5BCEF12CD38F4200857606 /* AutocompleteTextfield.app */,
				6A5BCF072CD38F4300857606 /* AutocompleteTextfieldTests.xctest */,
				6A5BCF112CD38F4300857606 /* AutocompleteTextfieldUITests.xctest */,
			);
			name = Products;
			sourceTree = "<group>";
		};
/* End PBXGroup section */

/* Begin PBXNativeTarget section */
		6A5BCEF02CD38F4200857606 /* AutocompleteTextfield */ = {
			isa = PBXNativeTarget;
			buildConfigurationList = 6A5BCF1A2CD38F4300857606 /* Build configuration list for PBXNativeTarget "AutocompleteTextfield" */;
			buildPhases = (
				6A5BCEED2CD38F4200857606 /* Sources */,
				6A5BCEEE2CD38F4200857606 /* Frameworks */,
				6A5BCEEF2CD38F4200857606 /* Resources */,
			);
			buildRules = (
			);
			dependencies = (
			);
			fileSystemSynchronizedGroups = (
				6A5BCEF32CD38F4200857606 /* AutocompleteTextfield */,
			);
			name = AutocompleteTextfield;
			packageProductDependencies = (
			);
			productName = AutocompleteTextfield;
			productReference = 6A5BCEF12CD38F4200857606 /* AutocompleteTextfield.app */;
			productType = "com.apple.product-type.application";
		};
		6A5BCF062CD38F4300857606 /* AutocompleteTextfieldTests */ = {
			isa = PBXNativeTarget;
			buildConfigurationList = 6A5BCF1F2CD38F4300857606 /* Build configuration list for PBXNativeTarget "AutocompleteTextfieldTests" */;
			buildPhases = (
				6A5BCF032CD38F4300857606 /* Sources */,
				6A5BCF042CD38F4300857606 /* Frameworks */,
				6A5BCF052CD38F4300857606 /* Resources */,
			);
			buildRules = (
			);
			dependencies = (
				6A5BCF092CD38F4300857606 /* PBXTargetDependency */,
			);
			fileSystemSynchronizedGroups = (
				6A5BCF0A2CD38F4300857606 /* AutocompleteTextfieldTests */,
			);
			name = AutocompleteTextfieldTests;
			packageProductDependencies = (
			);
			productName = AutocompleteTextfieldTests;
			productReference = 6A5BCF072CD38F4300857606 /* AutocompleteTextfieldTests.xctest */;
			productType = "com.apple.product-type.bundle.unit-test";
		};
		6A5BCF102CD38F4300857606 /* AutocompleteTextfieldUITests */ = {
			isa = PBXNativeTarget;
			buildConfigurationList = 6A5BCF222CD38F4300857606 /* Build configuration list for PBXNativeTarget "AutocompleteTextfieldUITests" */;
			buildPhases = (
				6A5BCF0D2CD38F4300857606 /* Sources */,
				6A5BCF0E2CD38F4300857606 /* Frameworks */,
				6A5BCF0F2CD38F4300857606 /* Resources */,
			);
			buildRules = (
			);
			dependencies = (
				6A5BCF132CD38F4300857606 /* PBXTargetDependency */,
			);
			fileSystemSynchronizedGroups = (
				6A5BCF142CD38F4300857606 /* AutocompleteTextfieldUITests */,
			);
			name = AutocompleteTextfieldUITests;
			packageProductDependencies = (
			);
			productName = AutocompleteTextfieldUITests;
			productReference = 6A5BCF112CD38F4300857606 /* AutocompleteTextfieldUITests.xctest */;
			productType = "com.apple.product-type.bundle.ui-testing";
		};
/* End PBXNativeTarget section */

/* Begin PBXProject section */
		6A5BCEE92CD38F4200857606 /* Project object */ = {
			isa = PBXProject;
			attributes = {
				BuildIndependentTargetsInParallel = 1;
				LastSwiftUpdateCheck = 1600;
				LastUpgradeCheck = 1600;
				TargetAttributes = {
					6A5BCEF02CD38F4200857606 = {
						CreatedOnToolsVersion = 16.0;
					};
					6A5BCF062CD38F4300857606 = {
						CreatedOnToolsVersion = 16.0;
						TestTargetID = 6A5BCEF02CD38F4200857606;
					};
					6A5BCF102CD38F4300857606 = {
						CreatedOnToolsVersion = 16.0;
						TestTargetID = 6A5BCEF02CD38F4200857606;
					};
				};
			};
			buildConfigurationList = 6A5BCEEC2CD38F4200857606 /* Build configuration list for PBXProject "AutocompleteTextfield" */;
			developmentRegion = en;
			hasScannedForEncodings = 0;
			knownRegions = (
				en,
				Base,
			);
			mainGroup = 6A5BCEE82CD38F4200857606;
			minimizedProjectReferenceProxies = 1;
			preferredProjectObjectVersion = 77;
			productRefGroup = 6A5BCEF22CD38F4200857606 /* Products */;
			projectDirPath = "";
			projectRoot = "";
			targets = (
				6A5BCEF02CD38F4200857606 /* AutocompleteTextfield */,
				6A5BCF062CD38F4300857606 /* AutocompleteTextfieldTests */,
				6A5BCF102CD38F4300857606 /* AutocompleteTextfieldUITests */,
			);
		};
/* End PBXProject section */

/* Begin PBXResourcesBuildPhase section */
		6A5BCEEF2CD38F4200857606 /* Resources */ = {
			isa = PBXResourcesBuildPhase;
			buildActionMask = 2147483647;
			files = (
			);
			runOnlyForDeploymentPostprocessing = 0;
		};
		6A5BCF052CD38F4300857606 /* Resources */ = {
			isa = PBXResourcesBuildPhase;
			buildActionMask = 2147483647;
			files = (
			);
			runOnlyForDeploymentPostprocessing = 0;
		};
		6A5BCF0F2CD38F4300857606 /* Resources */ = {
			isa = PBXResourcesBuildPhase;
			buildActionMask = 2147483647;
			files = (
			);
			runOnlyForDeploymentPostprocessing = 0;
		};
/* End PBXResourcesBuildPhase section */

/* Begin PBXSourcesBuildPhase section */
		6A5BCEED2CD38F4200857606 /* Sources */ = {
			isa = PBXSourcesBuildPhase;
			buildActionMask = 2147483647;
			files = (
			);
			runOnlyForDeploymentPostprocessing = 0;
		};
		6A5BCF032CD38F4300857606 /* Sources */ = {
			isa = PBXSourcesBuildPhase;
			buildActionMask = 2147483647;
			files = (
			);
			runOnlyForDeploymentPostprocessing = 0;
		};
		6A5BCF0D2CD38F4300857606 /* Sources */ = {
			isa = PBXSourcesBuildPhase;
			buildActionMask = 2147483647;
			files = (
			);
			runOnlyForDeploymentPostprocessing = 0;
		};
/* End PBXSourcesBuildPhase section */

/* Begin PBXTargetDependency section */
		6A5BCF092CD38F4300857606 /* PBXTargetDependency */ = {
			isa = PBXTargetDependency;
			target = 6A5BCEF02CD38F4200857606 /* AutocompleteTextfield */;
			targetProxy = 6A5BCF082CD38F4300857606 /* PBXContainerItemProxy */;
		};
		6A5BCF132CD38F4300857606 /* PBXTargetDependency */ = {
			isa = PBXTargetDependency;
			target = 6A5BCEF02CD38F4200857606 /* AutocompleteTextfield */;
			targetProxy = 6A5BCF122CD38F4300857606 /* PBXContainerItemProxy */;
		};
/* End PBXTargetDependency section */

/* Begin XCBuildConfiguration section */
		6A5BCF1B2CD38F4300857606 /* Debug */ = {
			isa = XCBuildConfiguration;
			buildSettings = {
				ASSETCATALOG_COMPILER_APPICON_NAME = AppIcon;
				ASSETCATALOG_COMPILER_GLOBAL_ACCENT_COLOR_NAME = AccentColor;
				CODE_SIGN_STYLE = Automatic;
				CURRENT_PROJECT_VERSION = 1;
				DEVELOPMENT_TEAM = 244RFX44WS;
				GENERATE_INFOPLIST_FILE = YES;
				INFOPLIST_FILE = AutocompleteTextfield/Info.plist;
				INFOPLIST_KEY_UIApplicationSupportsIndirectInputEvents = YES;
				INFOPLIST_KEY_UILaunchStoryboardName = LaunchScreen;
				INFOPLIST_KEY_UIMainStoryboardFile = Main;
				INFOPLIST_KEY_UISupportedInterfaceOrientations_iPad = "UIInterfaceOrientationPortrait UIInterfaceOrientationPortraitUpsideDown UIInterfaceOrientationLandscapeLeft UIInterfaceOrientationLandscapeRight";
				INFOPLIST_KEY_UISupportedInterfaceOrientations_iPhone = "UIInterfaceOrientationPortrait UIInterfaceOrientationLandscapeLeft UIInterfaceOrientationLandscapeRight";
				LD_RUNPATH_SEARCH_PATHS = (
					"$(inherited)",
					"@executable_path/Frameworks",
				);
				MARKETING_VERSION = 1.0;
				PRODUCT_BUNDLE_IDENTIFIER = Saadet.AutocompleteTextfield;
				PRODUCT_NAME = "$(TARGET_NAME)";
				SWIFT_EMIT_LOC_STRINGS = YES;
				SWIFT_VERSION = 5.0;
				TARGETED_DEVICE_FAMILY = "1,2";
			};
			name = Debug;
		};
		6A5BCF1C2CD38F4300857606 /* Release */ = {
			isa = XCBuildConfiguration;
			buildSettings = {
				ASSETCATALOG_COMPILER_APPICON_NAME = AppIcon;
				ASSETCATALOG_COMPILER_GLOBAL_ACCENT_COLOR_NAME = AccentColor;
				CODE_SIGN_STYLE = Automatic;
				CURRENT_PROJECT_VERSION = 1;
				DEVELOPMENT_TEAM = 244RFX44WS;
				GENERATE_INFOPLIST_FILE = YES;
				INFOPLIST_FILE = AutocompleteTextfield/Info.plist;
				INFOPLIST_KEY_UIApplicationSupportsIndirectInputEvents = YES;
				INFOPLIST_KEY_UILaunchStoryboardName = LaunchScreen;
				INFOPLIST_KEY_UIMainStoryboardFile = Main;
				INFOPLIST_KEY_UISupportedInterfaceOrientations_iPad = "UIInterfaceOrientationPortrait UIInterfaceOrientationPortraitUpsideDown UIInterfaceOrientationLandscapeLeft UIInterfaceOrientationLandscapeRight";
				INFOPLIST_KEY_UISupportedInterfaceOrientations_iPhone = "UIInterfaceOrientationPortrait UIInterfaceOrientationLandscapeLeft UIInterfaceOrientationLandscapeRight";
				LD_RUNPATH_SEARCH_PATHS = (
					"$(inherited)",
					"@executable_path/Frameworks",
				);
				MARKETING_VERSION = 1.0;
				PRODUCT_BUNDLE_IDENTIFIER = Saadet.AutocompleteTextfield;
				PRODUCT_NAME = "$(TARGET_NAME)";
				SWIFT_EMIT_LOC_STRINGS = YES;
				SWIFT_VERSION = 5.0;
				TARGETED_DEVICE_FAMILY = "1,2";
			};
			name = Release;
		};
		6A5BCF1D2CD38F4300857606 /* Debug */ = {
			isa = XCBuildConfiguration;
			buildSettings = {
				ALWAYS_SEARCH_USER_PATHS = NO;
				ASSETCATALOG_COMPILER_GENERATE_SWIFT_ASSET_SYMBOL_EXTENSIONS = YES;
				CLANG_ANALYZER_NONNULL = YES;
				CLANG_ANALYZER_NUMBER_OBJECT_CONVERSION = YES_AGGRESSIVE;
				CLANG_CXX_LANGUAGE_STANDARD = "gnu++20";
				CLANG_ENABLE_MODULES = YES;
				CLANG_ENABLE_OBJC_ARC = YES;
				CLANG_ENABLE_OBJC_WEAK = YES;
				CLANG_WARN_BLOCK_CAPTURE_AUTORELEASING = YES;
				CLANG_WARN_BOOL_CONVERSION = YES;
				CLANG_WARN_COMMA = YES;
				CLANG_WARN_CONSTANT_CONVERSION = YES;
				CLANG_WARN_DEPRECATED_OBJC_IMPLEMENTATIONS = YES;
				CLANG_WARN_DIRECT_OBJC_ISA_USAGE = YES_ERROR;
				CLANG_WARN_DOCUMENTATION_COMMENTS = YES;
				CLANG_WARN_EMPTY_BODY = YES;
				CLANG_WARN_ENUM_CONVERSION = YES;
				CLANG_WARN_INFINITE_RECURSION = YES;
				CLANG_WARN_INT_CONVERSION = YES;
				CLANG_WARN_NON_LITERAL_NULL_CONVERSION = YES;
				CLANG_WARN_OBJC_IMPLICIT_RETAIN_SELF = YES;
				CLANG_WARN_OBJC_LITERAL_CONVERSION = YES;
				CLANG_WARN_OBJC_ROOT_CLASS = YES_ERROR;
				CLANG_WARN_QUOTED_INCLUDE_IN_FRAMEWORK_HEADER = YES;
				CLANG_WARN_RANGE_LOOP_ANALYSIS = YES;
				CLANG_WARN_STRICT_PROTOTYPES = YES;
				CLANG_WARN_SUSPICIOUS_MOVE = YES;
				CLANG_WARN_UNGUARDED_AVAILABILITY = YES_AGGRESSIVE;
				CLANG_WARN_UNREACHABLE_CODE = YES;
				CLANG_WARN__DUPLICATE_METHOD_MATCH = YES;
				COPY_PHASE_STRIP = NO;
				DEBUG_INFORMATION_FORMAT = dwarf;
				ENABLE_STRICT_OBJC_MSGSEND = YES;
				ENABLE_TESTABILITY = YES;
				ENABLE_USER_SCRIPT_SANDBOXING = YES;
				GCC_C_LANGUAGE_STANDARD = gnu17;
				GCC_DYNAMIC_NO_PIC = NO;
				GCC_NO_COMMON_BLOCKS = YES;
				GCC_OPTIMIZATION_LEVEL = 0;
				GCC_PREPROCESSOR_DEFINITIONS = (
					"DEBUG=1",
					"$(inherited)",
				);
				GCC_WARN_64_TO_32_BIT_CONVERSION = YES;
				GCC_WARN_ABOUT_RETURN_TYPE = YES_ERROR;
				GCC_WARN_UNDECLARED_SELECTOR = YES;
				GCC_WARN_UNINITIALIZED_AUTOS = YES_AGGRESSIVE;
				GCC_WARN_UNUSED_FUNCTION = YES;
				GCC_WARN_UNUSED_VARIABLE = YES;
				IPHONEOS_DEPLOYMENT_TARGET = 18.0;
				LOCALIZATION_PREFERS_STRING_CATALOGS = YES;
				MTL_ENABLE_DEBUG_INFO = INCLUDE_SOURCE;
				MTL_FAST_MATH = YES;
				ONLY_ACTIVE_ARCH = YES;
				SDKROOT = iphoneos;
				SWIFT_ACTIVE_COMPILATION_CONDITIONS = "DEBUG $(inherited)";
				SWIFT_OPTIMIZATION_LEVEL = "-Onone";
			};
			name = Debug;
		};
		6A5BCF1E2CD38F4300857606 /* Release */ = {
			isa = XCBuildConfiguration;
			buildSettings = {
				ALWAYS_SEARCH_USER_PATHS = NO;
				ASSETCATALOG_COMPILER_GENERATE_SWIFT_ASSET_SYMBOL_EXTENSIONS = YES;
				CLANG_ANALYZER_NONNULL = YES;
				CLANG_ANALYZER_NUMBER_OBJECT_CONVERSION = YES_AGGRESSIVE;
				CLANG_CXX_LANGUAGE_STANDARD = "gnu++20";
				CLANG_ENABLE_MODULES = YES;
				CLANG_ENABLE_OBJC_ARC = YES;
				CLANG_ENABLE_OBJC_WEAK = YES;
				CLANG_WARN_BLOCK_CAPTURE_AUTORELEASING = YES;
				CLANG_WARN_BOOL_CONVERSION = YES;
				CLANG_WARN_COMMA = YES;
				CLANG_WARN_CONSTANT_CONVERSION = YES;
				CLANG_WARN_DEPRECATED_OBJC_IMPLEMENTATIONS = YES;
				CLANG_WARN_DIRECT_OBJC_ISA_USAGE = YES_ERROR;
				CLANG_WARN_DOCUMENTATION_COMMENTS = YES;
				CLANG_WARN_EMPTY_BODY = YES;
				CLANG_WARN_ENUM_CONVERSION = YES;
				CLANG_WARN_INFINITE_RECURSION = YES;
				CLANG_WARN_INT_CONVERSION = YES;
				CLANG_WARN_NON_LITERAL_NULL_CONVERSION = YES;
				CLANG_WARN_OBJC_IMPLICIT_RETAIN_SELF = YES;
				CLANG_WARN_OBJC_LITERAL_CONVERSION = YES;
				CLANG_WARN_OBJC_ROOT_CLASS = YES_ERROR;
				CLANG_WARN_QUOTED_INCLUDE_IN_FRAMEWORK_HEADER = YES;
				CLANG_WARN_RANGE_LOOP_ANALYSIS = YES;
				CLANG_WARN_STRICT_PROTOTYPES = YES;
				CLANG_WARN_SUSPICIOUS_MOVE = YES;
				CLANG_WARN_UNGUARDED_AVAILABILITY = YES_AGGRESSIVE;
				CLANG_WARN_UNREACHABLE_CODE = YES;
				CLANG_WARN__DUPLICATE_METHOD_MATCH = YES;
				COPY_PHASE_STRIP = NO;
				DEBUG_INFORMATION_FORMAT = "dwarf-with-dsym";
				ENABLE_NS_ASSERTIONS = NO;
				ENABLE_STRICT_OBJC_MSGSEND = YES;
				ENABLE_USER_SCRIPT_SANDBOXING = YES;
				GCC_C_LANGUAGE_STANDARD = gnu17;
				GCC_NO_COMMON_BLOCKS = YES;
				GCC_WARN_64_TO_32_BIT_CONVERSION = YES;
				GCC_WARN_ABOUT_RETURN_TYPE = YES_ERROR;
				GCC_WARN_UNDECLARED_SELECTOR = YES;
				GCC_WARN_UNINITIALIZED_AUTOS = YES_AGGRESSIVE;
				GCC_WARN_UNUSED_FUNCTION = YES;
				GCC_WARN_UNUSED_VARIABLE = YES;
				IPHONEOS_DEPLOYMENT_TARGET = 18.0;
				LOCALIZATION_PREFERS_STRING_CATALOGS = YES;
				MTL_ENABLE_DEBUG_INFO = NO;
				MTL_FAST_MATH = YES;
				SDKROOT = iphoneos;
				SWIFT_COMPILATION_MODE = wholemodule;
				VALIDATE_PRODUCT = YES;
			};
			name = Release;
		};
		6A5BCF202CD38F4300857606 /* Debug */ = {
			isa = XCBuildConfiguration;
			buildSettings = {
				BUNDLE_LOADER = "$(TEST_HOST)";
				CODE_SIGN_STYLE = Automatic;
				CURRENT_PROJECT_VERSION = 1;
				DEVELOPMENT_TEAM = 244RFX44WS;
				GENERATE_INFOPLIST_FILE = YES;
				IPHONEOS_DEPLOYMENT_TARGET = 18.0;
				MARKETING_VERSION = 1.0;
				PRODUCT_BUNDLE_IDENTIFIER = Saadet.AutocompleteTextfieldTests;
				PRODUCT_NAME = "$(TARGET_NAME)";
				SWIFT_EMIT_LOC_STRINGS = NO;
				SWIFT_VERSION = 5.0;
				TARGETED_DEVICE_FAMILY = "1,2";
				TEST_HOST = "$(BUILT_PRODUCTS_DIR)/AutocompleteTextfield.app/$(BUNDLE_EXECUTABLE_FOLDER_PATH)/AutocompleteTextfield";
			};
			name = Debug;
		};
		6A5BCF212CD38F4300857606 /* Release */ = {
			isa = XCBuildConfiguration;
			buildSettings = {
				BUNDLE_LOADER = "$(TEST_HOST)";
				CODE_SIGN_STYLE = Automatic;
				CURRENT_PROJECT_VERSION = 1;
				DEVELOPMENT_TEAM = 244RFX44WS;
				GENERATE_INFOPLIST_FILE = YES;
				IPHONEOS_DEPLOYMENT_TARGET = 18.0;
				MARKETING_VERSION = 1.0;
				PRODUCT_BUNDLE_IDENTIFIER = Saadet.AutocompleteTextfieldTests;
				PRODUCT_NAME = "$(TARGET_NAME)";
				SWIFT_EMIT_LOC_STRINGS = NO;
				SWIFT_VERSION = 5.0;
				TARGETED_DEVICE_FAMILY = "1,2";
				TEST_HOST = "$(BUILT_PRODUCTS_DIR)/AutocompleteTextfield.app/$(BUNDLE_EXECUTABLE_FOLDER_PATH)/AutocompleteTextfield";
			};
			name = Release;
		};
		6A5BCF232CD38F4300857606 /* Debug */ = {
			isa = XCBuildConfiguration;
			buildSettings = {
				CODE_SIGN_STYLE = Automatic;
				CURRENT_PROJECT_VERSION = 1;
				DEVELOPMENT_TEAM = 244RFX44WS;
				GENERATE_INFOPLIST_FILE = YES;
				MARKETING_VERSION = 1.0;
				PRODUCT_BUNDLE_IDENTIFIER = Saadet.AutocompleteTextfieldUITests;
				PRODUCT_NAME = "$(TARGET_NAME)";
				SWIFT_EMIT_LOC_STRINGS = NO;
				SWIFT_VERSION = 5.0;
				TARGETED_DEVICE_FAMILY = "1,2";
				TEST_TARGET_NAME = AutocompleteTextfield;
			};
			name = Debug;
		};
		6A5BCF242CD38F4300857606 /* Release */ = {
			isa = XCBuildConfiguration;
			buildSettings = {
				CODE_SIGN_STYLE = Automatic;
				CURRENT_PROJECT_VERSION = 1;
				DEVELOPMENT_TEAM = 244RFX44WS;
				GENERATE_INFOPLIST_FILE = YES;
				MARKETING_VERSION = 1.0;
				PRODUCT_BUNDLE_IDENTIFIER = Saadet.AutocompleteTextfieldUITests;
				PRODUCT_NAME = "$(TARGET_NAME)";
				SWIFT_EMIT_LOC_STRINGS = NO;
				SWIFT_VERSION = 5.0;
				TARGETED_DEVICE_FAMILY = "1,2";
				TEST_TARGET_NAME = AutocompleteTextfield;
			};
			name = Release;
		};
/* End XCBuildConfiguration section */

/* Begin XCConfigurationList section */
		6A5BCEEC2CD38F4200857606 /* Build configuration list for PBXProject "AutocompleteTextfield" */ = {
			isa = XCConfigurationList;
			buildConfigurations = (
				6A5BCF1D2CD38F4300857606 /* Debug */,
				6A5BCF1E2CD38F4300857606 /* Release */,
			);
			defaultConfigurationIsVisible = 0;
			defaultConfigurationName = Release;
		};
		6A5BCF1A2CD38F4300857606 /* Build configuration list for PBXNativeTarget "AutocompleteTextfield" */ = {
			isa = XCConfigurationList;
			buildConfigurations = (
				6A5BCF1B2CD38F4300857606 /* Debug */,
				6A5BCF1C2CD38F4300857606 /* Release */,
			);
			defaultConfigurationIsVisible = 0;
			defaultConfigurationName = Release;
		};
		6A5BCF1F2CD38F4300857606 /* Build configuration list for PBXNativeTarget "AutocompleteTextfieldTests" */ = {
			isa = XCConfigurationList;
			buildConfigurations = (
				6A5BCF202CD38F4300857606 /* Debug */,
				6A5BCF212CD38F4300857606 /* Release */,
			);
			defaultConfigurationIsVisible = 0;
			defaultConfigurationName = Release;
		};
		6A5BCF222CD38F4300857606 /* Build configuration list for PBXNativeTarget "AutocompleteTextfieldUITests" */ = {
			isa = XCConfigurationList;
			buildConfigurations = (
				6A5BCF232CD38F4300857606 /* Debug */,
				6A5BCF242CD38F4300857606 /* Release */,
			);
			defaultConfigurationIsVisible = 0;
			defaultConfigurationName = Release;
		};
/* End XCConfigurationList section */
	};
	rootObject = 6A5BCEE92CD38F4200857606 /* Project object */;
}
